
Microsoft Visual Studio Solution File, Format Version 12.00
# Visual Studio Version 17
VisualStudioVersion = 17.4.33403.182
MinimumVisualStudioVersion = 10.0.40219.1
Project("{FAE04EC0-301F-11D3-BF4B-00C04F79EFBC}") = "DotNetCoreSampleWebAPI", "DotNetCoreSampleWebAPI.csproj", "{9083378E-D130-424D-B881-7AD107BFF609}"
EndProject
Global
	GlobalSection(SolutionConfigurationPlatforms) = preSolution
		Debug|Any CPU = Debug|Any CPU
		Release|Any CPU = Release|Any CPU
	EndGlobalSection
	GlobalSection(ProjectConfigurationPlatforms) = postSolution
		{9083378E-D130-424D-B881-7AD107BFF609}.Debug|Any CPU.ActiveCfg = Debug|Any CPU
		{9083378E-D130-424D-B881-7AD107BFF609}.Debug|Any CPU.Build.0 = Debug|Any CPU
		{9083378E-D130-424D-B881-7AD107BFF609}.Release|Any CPU.ActiveCfg = Release|Any CPU
		{9083378E-D130-424D-B881-7AD107BFF609}.Release|Any CPU.Build.0 = Release|Any CPU
	EndGlobalSection
	GlobalSection(SolutionProperties) = preSolution
		HideSolutionNode = FALSE
	EndGlobalSection
	GlobalSection(ExtensibilityGlobals) = postSolution
		SolutionGuid = {BC24F1B3-B712-4144-B9A3-92A2ABDEE27B}
	EndGlobalSection
EndGlobal
